
Microsoft Visual Studio Solution File, Format Version 12.00
Project("{FAE04EC0-301F-11D3-BF4B-00C04F79EFBC}") = "RegioFei-Mail", "RegioFei-Mail\RegioFei-Mail.csproj", "{EFEBB1BF-E7BF-4DD2-8E9F-100297924842}"
EndProject
Global
	GlobalSection(SolutionConfigurationPlatforms) = preSolution
		Debug|Any CPU = Debug|Any CPU
		Release|Any CPU = Release|Any CPU
	EndGlobalSection
	GlobalSection(ProjectConfigurationPlatforms) = postSolution
		{EFEBB1BF-E7BF-4DD2-8E9F-100297924842}.Debug|Any CPU.ActiveCfg = Debug|Any CPU
		{EFEBB1BF-E7BF-4DD2-8E9F-100297924842}.Debug|Any CPU.Build.0 = Debug|Any CPU
		{EFEBB1BF-E7BF-4DD2-8E9F-100297924842}.Release|Any CPU.ActiveCfg = Release|Any CPU
		{EFEBB1BF-E7BF-4DD2-8E9F-100297924842}.Release|Any CPU.Build.0 = Release|Any CPU
	EndGlobalSection
EndGlobal
